dependencies:
  espressif/bh1750:
    component_hash: c8cae6dca70fd5fdf5943ae37efbbea6cc41bcb784506e61ea301b3e94dce74b
    source:
      service_url: https://api.components.espressif.com/
      type: service
    version: 1.0.3
  espressif/esp_modem:
    component_hash: 7287509ca06bb75f36f144c7984c65eb6c4ce5540a16c7806757331dd3377b4f
    source:
      service_url: https://api.components.espressif.com/
      type: service
    version: 0.1.25
  idf:
    component_hash: null
    source:
      type: idf
    version: 5.0.0
manifest_hash: 1b258209319d3ef272c92e44feb6b34530eb4d9519251f840564e78b20db700a
target: esp32
version: 1.0.0
